{
  "requires": true,
  "lockfileVersion": 1,
  "dependencies": {
    "@alheimsins/b5-johnson-120-ipip-neo-pi-r": {
      "version": "5.2.4",
      "resolved": "https://registry.npmjs.org/@alheimsins/b5-johnson-120-ipip-neo-pi-r/-/b5-johnson-120-ipip-neo-pi-r-5.2.4.tgz",
      "integrity": "sha512-X8pe1TLpAyoo581T8avRPOuTQf7AQIbu/Tv5W8AIUjp4XTMlW6agE0CL5bGQr0v4JMDwZuuzVUoTWFatxASGpg==",
      "requires": {
        "knuth-shuffle": "1.0.8"
      }
    },
    "knuth-shuffle": {
      "version": "1.0.8",
      "resolved": "https://registry.npmjs.org/knuth-shuffle/-/knuth-shuffle-1.0.8.tgz",
      "integrity": "sha512-IdC4Hpp+mx53zTt6VAGsAtbGM0g4BV9fP8tTcviCosSwocHcRDw9uG5Rnv6wLWckF4r72qeXFoK9NkvV1gUJCQ=="
    }
  }
}
